
Microsoft Visual Studio Solution File, Format Version 12.00
# Visual Studio Version 16
VisualStudioVersion = 16.0.29613.14
MinimumVisualStudioVersion = 10.0.40219.1
Project("{8BC9CEB8-8B4A-11D0-8D11-00A0C91BC942}") = "GT", "GT.vcxproj", "{24914B94-9AE8-4989-992C-7659690C2E9D}"
EndProject
Project("{8BC9CEB8-8B4A-11D0-8D11-00A0C91BC942}") = "Test", "Test\Test.vcxproj", "{1B2AA4BF-ABA2-4355-B95B-B973B1576307}"
EndProject
Project("{8BC9CEB8-8B4A-11D0-8D11-00A0C91BC942}") = "GTClient", "GTClient\GTClient.vcxproj", "{2A6CD02A-0DBE-4784-A072-3B88A6C30BCE}"
	ProjectSection(ProjectDependencies) = postProject
		{24914B94-9AE8-4989-992C-7659690C2E9D} = {24914B94-9AE8-4989-992C-7659690C2E9D}
	EndProjectSection
EndProject
Project("{8BC9CEB8-8B4A-11D0-8D11-00A0C91BC942}") = "GTServer", "GTServer\GTServer.vcxproj", "{6A525506-0387-4A1D-9D2C-020BB246837A}"
	ProjectSection(ProjectDependencies) = postProject
		{24914B94-9AE8-4989-992C-7659690C2E9D} = {24914B94-9AE8-4989-992C-7659690C2E9D}
	EndProjectSection
EndProject
Project("{8BC9CEB8-8B4A-11D0-8D11-00A0C91BC942}") = "WSServer", "WSServer\WSServer.vcxproj", "{3C1FF3AF-2909-4120-A383-05420C5EA54E}"
EndProject
Project("{8BC9CEB8-8B4A-11D0-8D11-00A0C91BC942}") = "COM", "COM\COM.vcxproj", "{716A1CA8-6C2C-4D39-8D9E-78C9A4EC9CC3}"
EndProject
Project("{8BC9CEB8-8B4A-11D0-8D11-00A0C91BC942}") = "COMII", "COMII\COMII.vcxproj", "{5406A116-022D-4773-9DD5-D493925B5F25}"
EndProject
Project("{8BC9CEB8-8B4A-11D0-8D11-00A0C91BC942}") = "Webcar", "Webcar\Webcar.vcxproj", "{A105A8CE-0B8D-41E6-9936-F8F12D7FCC69}"
EndProject
Global
	GlobalSection(SolutionConfigurationPlatforms) = preSolution
		Debug|ARM = Debug|ARM
		Debug|ARM64 = Debug|ARM64
		Debug|x64 = Debug|x64
		Debug|x86 = Debug|x86
		Release|ARM = Release|ARM
		Release|ARM64 = Release|ARM64
		Release|x64 = Release|x64
		Release|x86 = Release|x86
	EndGlobalSection
	GlobalSection(ProjectConfigurationPlatforms) = postSolution
		{24914B94-9AE8-4989-992C-7659690C2E9D}.Debug|ARM.ActiveCfg = Debug|Win32
		{24914B94-9AE8-4989-992C-7659690C2E9D}.Debug|ARM64.ActiveCfg = Debug|Win32
		{24914B94-9AE8-4989-992C-7659690C2E9D}.Debug|x64.ActiveCfg = Debug|x64
		{24914B94-9AE8-4989-992C-7659690C2E9D}.Debug|x64.Build.0 = Debug|x64
		{24914B94-9AE8-4989-992C-7659690C2E9D}.Debug|x86.ActiveCfg = Debug|Win32
		{24914B94-9AE8-4989-992C-7659690C2E9D}.Debug|x86.Build.0 = Debug|Win32
		{24914B94-9AE8-4989-992C-7659690C2E9D}.Release|ARM.ActiveCfg = Release|Win32
		{24914B94-9AE8-4989-992C-7659690C2E9D}.Release|ARM64.ActiveCfg = Release|Win32
		{24914B94-9AE8-4989-992C-7659690C2E9D}.Release|x64.ActiveCfg = Release|x64
		{24914B94-9AE8-4989-992C-7659690C2E9D}.Release|x64.Build.0 = Release|x64
		{24914B94-9AE8-4989-992C-7659690C2E9D}.Release|x86.ActiveCfg = Release|Win32
		{24914B94-9AE8-4989-992C-7659690C2E9D}.Release|x86.Build.0 = Release|Win32
		{1B2AA4BF-ABA2-4355-B95B-B973B1576307}.Debug|ARM.ActiveCfg = Debug|Win32
		{1B2AA4BF-ABA2-4355-B95B-B973B1576307}.Debug|ARM64.ActiveCfg = Debug|Win32
		{1B2AA4BF-ABA2-4355-B95B-B973B1576307}.Debug|x64.ActiveCfg = Debug|x64
		{1B2AA4BF-ABA2-4355-B95B-B973B1576307}.Debug|x64.Build.0 = Debug|x64
		{1B2AA4BF-ABA2-4355-B95B-B973B1576307}.Debug|x86.ActiveCfg = Debug|Win32
		{1B2AA4BF-ABA2-4355-B95B-B973B1576307}.Debug|x86.Build.0 = Debug|Win32
		{1B2AA4BF-ABA2-4355-B95B-B973B1576307}.Release|ARM.ActiveCfg = Release|Win32
		{1B2AA4BF-ABA2-4355-B95B-B973B1576307}.Release|ARM64.ActiveCfg = Release|Win32
		{1B2AA4BF-ABA2-4355-B95B-B973B1576307}.Release|x64.ActiveCfg = Release|x64
		{1B2AA4BF-ABA2-4355-B95B-B973B1576307}.Release|x64.Build.0 = Release|x64
		{1B2AA4BF-ABA2-4355-B95B-B973B1576307}.Release|x86.ActiveCfg = Release|Win32
		{1B2AA4BF-ABA2-4355-B95B-B973B1576307}.Release|x86.Build.0 = Release|Win32
		{2A6CD02A-0DBE-4784-A072-3B88A6C30BCE}.Debug|ARM.ActiveCfg = Debug|Win32
		{2A6CD02A-0DBE-4784-A072-3B88A6C30BCE}.Debug|ARM64.ActiveCfg = Debug|Win32
		{2A6CD02A-0DBE-4784-A072-3B88A6C30BCE}.Debug|x64.ActiveCfg = Debug|x64
		{2A6CD02A-0DBE-4784-A072-3B88A6C30BCE}.Debug|x64.Build.0 = Debug|x64
		{2A6CD02A-0DBE-4784-A072-3B88A6C30BCE}.Debug|x86.ActiveCfg = Debug|Win32
		{2A6CD02A-0DBE-4784-A072-3B88A6C30BCE}.Debug|x86.Build.0 = Debug|Win32
		{2A6CD02A-0DBE-4784-A072-3B88A6C30BCE}.Release|ARM.ActiveCfg = Release|Win32
		{2A6CD02A-0DBE-4784-A072-3B88A6C30BCE}.Release|ARM64.ActiveCfg = Release|Win32
		{2A6CD02A-0DBE-4784-A072-3B88A6C30BCE}.Release|x64.ActiveCfg = Release|x64
		{2A6CD02A-0DBE-4784-A072-3B88A6C30BCE}.Release|x64.Build.0 = Release|x64
		{2A6CD02A-0DBE-4784-A072-3B88A6C30BCE}.Release|x86.ActiveCfg = Release|Win32
		{2A6CD02A-0DBE-4784-A072-3B88A6C30BCE}.Release|x86.Build.0 = Release|Win32
		{6A525506-0387-4A1D-9D2C-020BB246837A}.Debug|ARM.ActiveCfg = Debug|Win32
		{6A525506-0387-4A1D-9D2C-020BB246837A}.Debug|ARM64.ActiveCfg = Debug|Win32
		{6A525506-0387-4A1D-9D2C-020BB246837A}.Debug|x64.ActiveCfg = Debug|x64
		{6A525506-0387-4A1D-9D2C-020BB246837A}.Debug|x64.Build.0 = Debug|x64
		{6A525506-0387-4A1D-9D2C-020BB246837A}.Debug|x86.ActiveCfg = Debug|Win32
		{6A525506-0387-4A1D-9D2C-020BB246837A}.Debug|x86.Build.0 = Debug|Win32
		{6A525506-0387-4A1D-9D2C-020BB246837A}.Release|ARM.ActiveCfg = Release|Win32
		{6A525506-0387-4A1D-9D2C-020BB246837A}.Release|ARM64.ActiveCfg = Release|Win32
		{6A525506-0387-4A1D-9D2C-020BB246837A}.Release|x64.ActiveCfg = Release|x64
		{6A525506-0387-4A1D-9D2C-020BB246837A}.Release|x64.Build.0 = Release|x64
		{6A525506-0387-4A1D-9D2C-020BB246837A}.Release|x86.ActiveCfg = Release|Win32
		{6A525506-0387-4A1D-9D2C-020BB246837A}.Release|x86.Build.0 = Release|Win32
		{3C1FF3AF-2909-4120-A383-05420C5EA54E}.Debug|ARM.ActiveCfg = Debug|Win32
		{3C1FF3AF-2909-4120-A383-05420C5EA54E}.Debug|ARM64.ActiveCfg = Debug|Win32
		{3C1FF3AF-2909-4120-A383-05420C5EA54E}.Debug|x64.ActiveCfg = Debug|x64
		{3C1FF3AF-2909-4120-A383-05420C5EA54E}.Debug|x64.Build.0 = Debug|x64
		{3C1FF3AF-2909-4120-A383-05420C5EA54E}.Debug|x86.ActiveCfg = Debug|Win32
		{3C1FF3AF-2909-4120-A383-05420C5EA54E}.Debug|x86.Build.0 = Debug|Win32
		{3C1FF3AF-2909-4120-A383-05420C5EA54E}.Release|ARM.ActiveCfg = Release|Win32
		{3C1FF3AF-2909-4120-A383-05420C5EA54E}.Release|ARM64.ActiveCfg = Release|Win32
		{3C1FF3AF-2909-4120-A383-05420C5EA54E}.Release|x64.ActiveCfg = Release|x64
		{3C1FF3AF-2909-4120-A383-05420C5EA54E}.Release|x64.Build.0 = Release|x64
		{3C1FF3AF-2909-4120-A383-05420C5EA54E}.Release|x86.ActiveCfg = Release|Win32
		{3C1FF3AF-2909-4120-A383-05420C5EA54E}.Release|x86.Build.0 = Release|Win32
		{716A1CA8-6C2C-4D39-8D9E-78C9A4EC9CC3}.Debug|ARM.ActiveCfg = Debug|Win32
		{716A1CA8-6C2C-4D39-8D9E-78C9A4EC9CC3}.Debug|ARM64.ActiveCfg = Debug|Win32
		{716A1CA8-6C2C-4D39-8D9E-78C9A4EC9CC3}.Debug|x64.ActiveCfg = Debug|x64
		{716A1CA8-6C2C-4D39-8D9E-78C9A4EC9CC3}.Debug|x64.Build.0 = Debug|x64
		{716A1CA8-6C2C-4D39-8D9E-78C9A4EC9CC3}.Debug|x86.ActiveCfg = Debug|Win32
		{716A1CA8-6C2C-4D39-8D9E-78C9A4EC9CC3}.Debug|x86.Build.0 = Debug|Win32
		{716A1CA8-6C2C-4D39-8D9E-78C9A4EC9CC3}.Release|ARM.ActiveCfg = Release|Win32
		{716A1CA8-6C2C-4D39-8D9E-78C9A4EC9CC3}.Release|ARM64.ActiveCfg = Release|Win32
		{716A1CA8-6C2C-4D39-8D9E-78C9A4EC9CC3}.Release|x64.ActiveCfg = Release|x64
		{716A1CA8-6C2C-4D39-8D9E-78C9A4EC9CC3}.Release|x64.Build.0 = Release|x64
		{716A1CA8-6C2C-4D39-8D9E-78C9A4EC9CC3}.Release|x86.ActiveCfg = Release|Win32
		{716A1CA8-6C2C-4D39-8D9E-78C9A4EC9CC3}.Release|x86.Build.0 = Release|Win32
		{5406A116-022D-4773-9DD5-D493925B5F25}.Debug|ARM.ActiveCfg = Debug|Win32
		{5406A116-022D-4773-9DD5-D493925B5F25}.Debug|ARM64.ActiveCfg = Debug|Win32
		{5406A116-022D-4773-9DD5-D493925B5F25}.Debug|x64.ActiveCfg = Debug|x64
		{5406A116-022D-4773-9DD5-D493925B5F25}.Debug|x64.Build.0 = Debug|x64
		{5406A116-022D-4773-9DD5-D493925B5F25}.Debug|x86.ActiveCfg = Debug|Win32
		{5406A116-022D-4773-9DD5-D493925B5F25}.Debug|x86.Build.0 = Debug|Win32
		{5406A116-022D-4773-9DD5-D493925B5F25}.Release|ARM.ActiveCfg = Release|Win32
		{5406A116-022D-4773-9DD5-D493925B5F25}.Release|ARM64.ActiveCfg = Release|Win32
		{5406A116-022D-4773-9DD5-D493925B5F25}.Release|x64.ActiveCfg = Release|x64
		{5406A116-022D-4773-9DD5-D493925B5F25}.Release|x64.Build.0 = Release|x64
		{5406A116-022D-4773-9DD5-D493925B5F25}.Release|x86.ActiveCfg = Release|Win32
		{5406A116-022D-4773-9DD5-D493925B5F25}.Release|x86.Build.0 = Release|Win32
		{A105A8CE-0B8D-41E6-9936-F8F12D7FCC69}.Debug|ARM.ActiveCfg = Debug|Win32
		{A105A8CE-0B8D-41E6-9936-F8F12D7FCC69}.Debug|ARM64.ActiveCfg = Debug|Win32
		{A105A8CE-0B8D-41E6-9936-F8F12D7FCC69}.Debug|x64.ActiveCfg = Debug|x64
		{A105A8CE-0B8D-41E6-9936-F8F12D7FCC69}.Debug|x64.Build.0 = Debug|x64
		{A105A8CE-0B8D-41E6-9936-F8F12D7FCC69}.Debug|x86.ActiveCfg = Debug|Win32
		{A105A8CE-0B8D-41E6-9936-F8F12D7FCC69}.Debug|x86.Build.0 = Debug|Win32
		{A105A8CE-0B8D-41E6-9936-F8F12D7FCC69}.Release|ARM.ActiveCfg = Release|Win32
		{A105A8CE-0B8D-41E6-9936-F8F12D7FCC69}.Release|ARM64.ActiveCfg = Release|Win32
		{A105A8CE-0B8D-41E6-9936-F8F12D7FCC69}.Release|x64.ActiveCfg = Release|x64
		{A105A8CE-0B8D-41E6-9936-F8F12D7FCC69}.Release|x64.Build.0 = Release|x64
		{A105A8CE-0B8D-41E6-9936-F8F12D7FCC69}.Release|x86.ActiveCfg = Release|Win32
		{A105A8CE-0B8D-41E6-9936-F8F12D7FCC69}.Release|x86.Build.0 = Release|Win32
	EndGlobalSection
	GlobalSection(SolutionProperties) = preSolution
		HideSolutionNode = FALSE
	EndGlobalSection
	GlobalSection(ExtensibilityGlobals) = postSolution
		SolutionGuid = {8390A35D-2D00-4567-B52A-3F44B33D282D}
	EndGlobalSection
EndGlobal
